
Microsoft Visual Studio Solution File, Format Version 12.00
# Visual Studio 15
VisualStudioVersion = 15.0.27130.2024
MinimumVisualStudioVersion = 10.0.40219.1
Project("{9A19103F-16F7-4668-BE54-9A1E7A4F7556}") = "ITI.ProjectDoc", "ITI.ProjectDoc\ITI.ProjectDoc.csproj", "{20B3D370-7DDA-4A00-BCB6-7F66A89610DB}"
EndProject
Project("{9A19103F-16F7-4668-BE54-9A1E7A4F7556}") = "ITI.ProjectDoc.Tests", "ITI.ProjectDoc.Tests\ITI.ProjectDoc.Tests.csproj", "{1D7B4572-AED1-49EF-94B3-F7C72DA0D3F0}"
EndProject
Global
	GlobalSection(SolutionConfigurationPlatforms) = preSolution
		Debug|Any CPU = Debug|Any CPU
		Release|Any CPU = Release|Any CPU
	EndGlobalSection
	GlobalSection(ProjectConfigurationPlatforms) = postSolution
		{20B3D370-7DDA-4A00-BCB6-7F66A89610DB}.Debug|Any CPU.ActiveCfg = Debug|Any CPU
		{20B3D370-7DDA-4A00-BCB6-7F66A89610DB}.Debug|Any CPU.Build.0 = Debug|Any CPU
		{20B3D370-7DDA-4A00-BCB6-7F66A89610DB}.Release|Any CPU.ActiveCfg = Release|Any CPU
		{20B3D370-7DDA-4A00-BCB6-7F66A89610DB}.Release|Any CPU.Build.0 = Release|Any CPU
		{1D7B4572-AED1-49EF-94B3-F7C72DA0D3F0}.Debug|Any CPU.ActiveCfg = Debug|Any CPU
		{1D7B4572-AED1-49EF-94B3-F7C72DA0D3F0}.Debug|Any CPU.Build.0 = Debug|Any CPU
		{1D7B4572-AED1-49EF-94B3-F7C72DA0D3F0}.Release|Any CPU.ActiveCfg = Release|Any CPU
		{1D7B4572-AED1-49EF-94B3-F7C72DA0D3F0}.Release|Any CPU.Build.0 = Release|Any CPU
	EndGlobalSection
	GlobalSection(SolutionProperties) = preSolution
		HideSolutionNode = FALSE
	EndGlobalSection
	GlobalSection(ExtensibilityGlobals) = postSolution
		SolutionGuid = {8D43708A-14F6-4034-A148-765682C729F6}
	EndGlobalSection
EndGlobal
